
Microsoft Visual Studio Solution File, Format Version 12.00
# Visual Studio 15
VisualStudioVersion = 15.0.26206.0
MinimumVisualStudioVersion = 10.0.40219.1
Project("{9A19103F-16F7-4668-BE54-9A1E7A4F7556}") = "PersistentKeyValueStore", "src\PersistentKeyValueStore\PersistentKeyValueStore.csproj", "{40BA3DDF-FABA-4C6D-85FF-14C2341A9012}"
EndProject
Project("{9A19103F-16F7-4668-BE54-9A1E7A4F7556}") = "SQLiteWrapper", "libs\SQLiteWrapper\src\SQLiteWrapper\SQLiteWrapper.csproj", "{30F1355B-219D-4374-AFDE-F072187CA1C1}"
EndProject
Global
	GlobalSection(SolutionConfigurationPlatforms) = preSolution
		Debug|Any CPU = Debug|Any CPU
		Debug|x64 = Debug|x64
		Debug|x86 = Debug|x86
		Release|Any CPU = Release|Any CPU
		Release|x64 = Release|x64
		Release|x86 = Release|x86
	EndGlobalSection
	GlobalSection(ProjectConfigurationPlatforms) = postSolution
		{40BA3DDF-FABA-4C6D-85FF-14C2341A9012}.Debug|Any CPU.ActiveCfg = Debug|Any CPU
		{40BA3DDF-FABA-4C6D-85FF-14C2341A9012}.Debug|Any CPU.Build.0 = Debug|Any CPU
		{40BA3DDF-FABA-4C6D-85FF-14C2341A9012}.Debug|x64.ActiveCfg = Debug|x64
		{40BA3DDF-FABA-4C6D-85FF-14C2341A9012}.Debug|x64.Build.0 = Debug|x64
		{40BA3DDF-FABA-4C6D-85FF-14C2341A9012}.Debug|x86.ActiveCfg = Debug|x86
		{40BA3DDF-FABA-4C6D-85FF-14C2341A9012}.Debug|x86.Build.0 = Debug|x86
		{40BA3DDF-FABA-4C6D-85FF-14C2341A9012}.Release|Any CPU.ActiveCfg = Release|Any CPU
		{40BA3DDF-FABA-4C6D-85FF-14C2341A9012}.Release|Any CPU.Build.0 = Release|Any CPU
		{40BA3DDF-FABA-4C6D-85FF-14C2341A9012}.Release|x64.ActiveCfg = Release|x64
		{40BA3DDF-FABA-4C6D-85FF-14C2341A9012}.Release|x64.Build.0 = Release|x64
		{40BA3DDF-FABA-4C6D-85FF-14C2341A9012}.Release|x86.ActiveCfg = Release|x86
		{40BA3DDF-FABA-4C6D-85FF-14C2341A9012}.Release|x86.Build.0 = Release|x86
		{30F1355B-219D-4374-AFDE-F072187CA1C1}.Debug|Any CPU.ActiveCfg = Debug|Any CPU
		{30F1355B-219D-4374-AFDE-F072187CA1C1}.Debug|Any CPU.Build.0 = Debug|Any CPU
		{30F1355B-219D-4374-AFDE-F072187CA1C1}.Debug|x64.ActiveCfg = Debug|x64
		{30F1355B-219D-4374-AFDE-F072187CA1C1}.Debug|x64.Build.0 = Debug|x64
		{30F1355B-219D-4374-AFDE-F072187CA1C1}.Debug|x86.ActiveCfg = Debug|x86
		{30F1355B-219D-4374-AFDE-F072187CA1C1}.Debug|x86.Build.0 = Debug|x86
		{30F1355B-219D-4374-AFDE-F072187CA1C1}.Release|Any CPU.ActiveCfg = Release|Any CPU
		{30F1355B-219D-4374-AFDE-F072187CA1C1}.Release|Any CPU.Build.0 = Release|Any CPU
		{30F1355B-219D-4374-AFDE-F072187CA1C1}.Release|x64.ActiveCfg = Release|x64
		{30F1355B-219D-4374-AFDE-F072187CA1C1}.Release|x64.Build.0 = Release|x64
		{30F1355B-219D-4374-AFDE-F072187CA1C1}.Release|x86.ActiveCfg = Release|x86
		{30F1355B-219D-4374-AFDE-F072187CA1C1}.Release|x86.Build.0 = Release|x86
	EndGlobalSection
	GlobalSection(SolutionProperties) = preSolution
		HideSolutionNode = FALSE
	EndGlobalSection
EndGlobal
